github.com/jamesstocktonj1/componentize-sdk/p3 v0.1.11 h1:B0HtcDLbiCYwIuVfCECWHEdN9t09IfCaZoISzblhq0g=
github.com/jamesstocktonj1/componentize-sdk/p3 v0.1.11/go.mod h1:dc1EZNHFLai4gAReK2nbNkw32y6ufnYZlGQYXts75Z4=
go.bytecodealliance.org/pkg v0.2.1 h1:TdRagooIcCW3UmlKqVO4cDR3GNDyfDnbiBzGI6TOvyg=
go.bytecodealliance.org/pkg v0.2.1/go.mod h1:OjA+V8g3uUFixeCKFfamm6sYhTJdg8fvwEdJ2GO0GSk=
